// !$*UTF8*$!
{
	archiveVersion = 1;
	classes = {
	};
	objectVersion = 46;
	objects = {

/* Begin PBXBuildFile section */
		D893565F1D48C70D00524184 /* AppDelegate.swift in Sources */ = {isa = PBXBuildFile; fileRef = D893565E1D48C70D00524184 /* AppDelegate.swift */; };
		D89356611D48C70D00524184 /* MasterViewController.swift in Sources */ = {isa = PBXBuildFile; fileRef = D89356601D48C70D00524184 /* MasterViewController.swift */; };
		D89356631D48C70D00524184 /* DetailViewController.swift in Sources */ = {isa = PBXBuildFile; fileRef = D89356621D48C70D00524184 /* DetailViewController.swift */; };
		D89356661D48C70D00524184 /* Main.storyboard in Resources */ = {isa = PBXBuildFile; fileRef = D89356641D48C70D00524184 /* Main.storyboard */; };
		D89356681D48C70E00524184 /* Assets.xcassets in Resources */ = {isa = PBXBuildFile; fileRef = D89356671D48C70D00524184 /* Assets.xcassets */; };
		D893566B1D48C70E00524184 /* LaunchScreen.storyboard in Resources */ = {isa = PBXBuildFile; fileRef = D89356691D48C70E00524184 /* LaunchScreen.storyboard */; };
/* End PBXBuildFile section */

/* Begin PBXFileReference section */
		D893565B1D48C70D00524184 /* OfficeDogs.app */ = {isa = PBXFileReference; explicitFileType = wrapper.application; includeInIndex = 0; path = OfficeDogs.app; sourceTree = BUILT_PRODUCTS_DIR; };
		D893565E1D48C70D00524184 /* AppDelegate.swift */ = {isa = PBXFileReference; lastKnownFileType = sourcecode.swift; path = AppDelegate.swift; sourceTree = "<group>"; };
		D89356601D48C70D00524184 /* MasterViewController.swift */ = {isa = PBXFileReference; lastKnownFileType = sourcecode.swift; path = MasterViewController.swift; sourceTree = "<group>"; };
		D89356621D48C70D00524184 /* DetailViewController.swift */ = {isa = PBXFileReference; lastKnownFileType = sourcecode.swift; path = DetailViewController.swift; sourceTree = "<group>"; };
		D89356651D48C70D00524184 /* Base */ = {isa = PBXFileReference; lastKnownFileType = file.storyboard; name = Base; path = Base.lproj/Main.storyboard; sourceTree = "<group>"; };
		D89356671D48C70D00524184 /* Assets.xcassets */ = {isa = PBXFileReference; lastKnownFileType = folder.assetcatalog; path = Assets.xcassets; sourceTree = "<group>"; };
		D893566A1D48C70E00524184 /* Base */ = {isa = PBXFileReference; lastKnownFileType = file.storyboard; name = Base; path = Base.lproj/LaunchScreen.storyboard; sourceTree = "<group>"; };
		D893566C1D48C70E00524184 /* Info.plist */ = {isa = PBXFileReference; lastKnownFileType = text.plist.xml; path = Info.plist; sourceTree = "<group>"; };
/* End PBXFileReference section */

/* Begin PBXFrameworksBuildPhase section */
		D89356581D48C70D00524184 /* Frameworks */ = {
			isa = PBXFrameworksBuildPhase;
			buildActionMask = 2147483647;
			files = (
			);
			runOnlyForDeploymentPostprocessing = 0;
		};
/* End PBXFrameworksBuildPhase section */

/* Begin PBXGroup section */
		D89356521D48C70D00524184 = {
			isa = PBXGroup;
			children = (
				D893565D1D48C70D00524184 /* OfficeDogs */,
				D893565C1D48C70D00524184 /* Products */,
			);
			sourceTree = "<group>";
		};
		D893565C1D48C70D00524184 /* Products */ = {
			isa = PBXGroup;
			children = (
				D893565B1D48C70D00524184 /* OfficeDogs.app */,
			);
			name = Products;
			sourceTree = "<group>";
		};
		D893565D1D48C70D00524184 /* OfficeDogs */ = {
			isa = PBXGroup;
			children = (
				D893565E1D48C70D00524184 /* AppDelegate.swift */,
				D89356601D48C70D00524184 /* MasterViewController.swift */,
				D89356621D48C70D00524184 /* DetailViewController.swift */,
				D89356641D48C70D00524184 /* Main.storyboard */,
				D89356671D48C70D00524184 /* Assets.xcassets */,
				D89356691D48C70E00524184 /* LaunchScreen.storyboard */,
				D893566C1D48C70E00524184 /* Info.plist */,
			);
			path = OfficeDogs;
			sourceTree = "<group>";
		};
/* End PBXGroup section */

/* Begin PBXNativeTarget section */
		D893565A1D48C70D00524184 /* OfficeDogs */ = {
			isa = PBXNativeTarget;
			buildConfigurationList = D893566F1D48C70E00524184 /* Build configuration list for PBXNativeTarget "OfficeDogs" */;
			buildPhases = (
				D89356571D48C70D00524184 /* Sources */,
				D89356581D48C70D00524184 /* Frameworks */,
				D89356591D48C70D00524184 /* Resources */,
			);
			buildRules = (
			);
			dependencies = (
			);
			name = OfficeDogs;
			productName = OfficeDogs;
			productReference = D893565B1D48C70D00524184 /* OfficeDogs.app */;
			productType = "com.apple.product-type.application";
		};
/* End PBXNativeTarget section */

/* Begin PBXProject section */
		D89356531D48C70D00524184 /* Project object */ = {
			isa = PBXProject;
			attributes = {
				LastSwiftUpdateCheck = 0730;
				LastUpgradeCheck = 0730;
				ORGANIZATIONNAME = elad;
				TargetAttributes = {
					D893565A1D48C70D00524184 = {
						CreatedOnToolsVersion = 7.3.1;
					};
				};
			};
			buildConfigurationList = D89356561D48C70D00524184 /* Build configuration list for PBXProject "OfficeDogs" */;
			compatibilityVersion = "Xcode 3.2";
			developmentRegion = English;
			hasScannedForEncodings = 0;
			knownRegions = (
				en,
				Base,
			);
			mainGroup = D89356521D48C70D00524184;
			productRefGroup = D893565C1D48C70D00524184 /* Products */;
			projectDirPath = "";
			projectRoot = "";
			targets = (
				D893565A1D48C70D00524184 /* OfficeDogs */,
			);
		};
/* End PBXProject section */

/* Begin PBXResourcesBuildPhase section */
		D89356591D48C70D00524184 /* Resources */ = {
			isa = PBXResourcesBuildPhase;
			buildActionMask = 2147483647;
			files = (
				D893566B1D48C70E00524184 /* LaunchScreen.storyboard in Resources */,
				D89356681D48C70E00524184 /* Assets.xcassets in Resources */,
				D89356661D48C70D00524184 /* Main.storyboard in Resources */,
			);
			runOnlyForDeploymentPostprocessing = 0;
		};
/* End PBXResourcesBuildPhase section */

/* Begin PBXSourcesBuildPhase section */
		D89356571D48C70D00524184 /* Sources */ = {
			isa = PBXSourcesBuildPhase;
			buildActionMask = 2147483647;
			files = (
				D89356631D48C70D00524184 /* DetailViewController.swift in Sources */,
				D89356611D48C70D00524184 /* MasterViewController.swift in Sources */,
				D893565F1D48C70D00524184 /* AppDelegate.swift in Sources */,
			);
			runOnlyForDeploymentPostprocessing = 0;
		};
/* End PBXSourcesBuildPhase section */

/* Begin PBXVariantGroup section */
		D89356641D48C70D00524184 /* Main.storyboard */ = {
			isa = PBXVariantGroup;
			children = (
				D89356651D48C70D00524184 /* Base */,
			);
			name = Main.storyboard;
			sourceTree = "<group>";
		};
		D89356691D48C70E00524184 /* LaunchScreen.storyboard */ = {
			isa = PBXVariantGroup;
			children = (
				D893566A1D48C70E00524184 /* Base */,
			);
			name = LaunchScreen.storyboard;
			sourceTree = "<group>";
		};
/* End PBXVariantGroup section */

/* Begin XCBuildConfiguration section */
		D893566D1D48C70E00524184 /* Debug */ = {
			isa = XCBuildConfiguration;
			buildSettings = {
				ALWAYS_SEARCH_USER_PATHS = NO;
				CLANG_ANALYZER_NONNULL = YES;
				CLANG_CXX_LANGUAGE_STANDARD = "gnu++0x";
				CLANG_CXX_LIBRARY = "libc++";
				CLANG_ENABLE_MODULES = YES;
				CLANG_ENABLE_OBJC_ARC = YES;
				CLANG_WARN_BOOL_CONVERSION = YES;
				CLANG_WARN_CONSTANT_CONVERSION = YES;
				CLANG_WARN_DIRECT_OBJC_ISA_USAGE = YES_ERROR;
				CLANG_WARN_EMPTY_BODY = YES;
				CLANG_WARN_ENUM_CONVERSION = YES;
				CLANG_WARN_INT_CONVERSION = YES;
				CLANG_WARN_OBJC_ROOT_CLASS = YES_ERROR;
				CLANG_WARN_UNREACHABLE_CODE = YES;
				CLANG_WARN__DUPLICATE_METHOD_MATCH = YES;
				"CODE_SIGN_IDENTITY[sdk=iphoneos*]" = "iPhone Developer";
				COPY_PHASE_STRIP = NO;
				DEBUG_INFORMATION_FORMAT = dwarf;
				ENABLE_STRICT_OBJC_MSGSEND = YES;
				ENABLE_TESTABILITY = YES;
				GCC_C_LANGUAGE_STANDARD = gnu99;
				GCC_DYNAMIC_NO_PIC = NO;
				GCC_NO_COMMON_BLOCKS = YES;
				GCC_OPTIMIZATION_LEVEL = 0;
				GCC_PREPROCESSOR_DEFINITIONS = (
					"DEBUG=1",
					"$(inherited)",
				);
				GCC_WARN_64_TO_32_BIT_CONVERSION = YES;
				GCC_WARN_ABOUT_RETURN_TYPE = YES_ERROR;
				GCC_WARN_UNDECLARED_SELECTOR = YES;
				GCC_WARN_UNINITIALIZED_AUTOS = YES_AGGRESSIVE;
				GCC_WARN_UNUSED_FUNCTION = YES;
				GCC_WARN_UNUSED_VARIABLE = YES;
				IPHONEOS_DEPLOYMENT_TARGET = 9.3;
				MTL_ENABLE_DEBUG_INFO = YES;
				ONLY_ACTIVE_ARCH = YES;
				SDKROOT = iphoneos;
				SWIFT_OPTIMIZATION_LEVEL = "-Onone";
			};
			name = Debug;
		};
		D893566E1D48C70E00524184 /* Release */ = {
			isa = XCBuildConfiguration;
			buildSettings = {
				ALWAYS_SEARCH_USER_PATHS = NO;
				CLANG_ANALYZER_NONNULL = YES;
				CLANG_CXX_LANGUAGE_STANDARD = "gnu++0x";
				CLANG_CXX_LIBRARY = "libc++";
				CLANG_ENABLE_MODULES = YES;
				CLANG_ENABLE_OBJC_ARC = YES;
				CLANG_WARN_BOOL_CONVERSION = YES;
				CLANG_WARN_CONSTANT_CONVERSION = YES;
				CLANG_WARN_DIRECT_OBJC_ISA_USAGE = YES_ERROR;
				CLANG_WARN_EMPTY_BODY = YES;
				CLANG_WARN_ENUM_CONVERSION = YES;
				CLANG_WARN_INT_CONVERSION = YES;
				CLANG_WARN_OBJC_ROOT_CLASS = YES_ERROR;
				CLANG_WARN_UNREACHABLE_CODE = YES;
				CLANG_WARN__DUPLICATE_METHOD_MATCH = YES;
				"CODE_SIGN_IDENTITY[sdk=iphoneos*]" = "iPhone Developer";
				COPY_PHASE_STRIP = NO;
				DEBUG_INFORMATION_FORMAT = "dwarf-with-dsym";
				ENABLE_NS_ASSERTIONS = NO;
				ENABLE_STRICT_OBJC_MSGSEND = YES;
				GCC_C_LANGUAGE_STANDARD = gnu99;
				GCC_NO_COMMON_BLOCKS = YES;
				GCC_WARN_64_TO_32_BIT_CONVERSION = YES;
				GCC_WARN_ABOUT_RETURN_TYPE = YES_ERROR;
				GCC_WARN_UNDECLARED_SELECTOR = YES;
				GCC_WARN_UNINITIALIZED_AUTOS = YES_AGGRESSIVE;
				GCC_WARN_UNUSED_FUNCTION = YES;
				GCC_WARN_UNUSED_VARIABLE = YES;
				IPHONEOS_DEPLOYMENT_TARGET = 9.3;
				MTL_ENABLE_DEBUG_INFO = NO;
				SDKROOT = iphoneos;
				VALIDATE_PRODUCT = YES;
			};
			name = Release;
		};
		D89356701D48C70E00524184 /* Debug */ = {
			isa = XCBuildConfiguration;
			buildSettings = {
				ASSETCATALOG_COMPILER_APPICON_NAME = AppIcon;
				INFOPLIST_FILE = OfficeDogs/Info.plist;
				LD_RUNPATH_SEARCH_PATHS = "$(inherited) @executable_path/Frameworks";
				PRODUCT_BUNDLE_IDENTIFIER = com.soluto.OfficeDogs;
				PRODUCT_NAME = "$(TARGET_NAME)";
			};
			name = Debug;
		};
		D89356711D48C70E00524184 /* Release */ = {
			isa = XCBuildConfiguration;
			buildSettings = {
				ASSETCATALOG_COMPILER_APPICON_NAME = AppIcon;
				INFOPLIST_FILE = OfficeDogs/Info.plist;
				LD_RUNPATH_SEARCH_PATHS = "$(inherited) @executable_path/Frameworks";
				PRODUCT_BUNDLE_IDENTIFIER = com.soluto.OfficeDogs;
				PRODUCT_NAME = "$(TARGET_NAME)";
			};
			name = Release;
		};
/* End XCBuildConfiguration section */

/* Begin XCConfigurationList section */
		D89356561D48C70D00524184 /* Build configuration list for PBXProject "OfficeDogs" */ = {
			isa = XCConfigurationList;
			buildConfigurations = (
				D893566D1D48C70E00524184 /* Debug */,
				D893566E1D48C70E00524184 /* Release */,
			);
			defaultConfigurationIsVisible = 0;
			defaultConfigurationName = Release;
		};
		D893566F1D48C70E00524184 /* Build configuration list for PBXNativeTarget "OfficeDogs" */ = {
			isa = XCConfigurationList;
			buildConfigurations = (
				D89356701D48C70E00524184 /* Debug */,
				D89356711D48C70E00524184 /* Release */,
			);
			defaultConfigurationIsVisible = 0;
		};
/* End XCConfigurationList section */
	};
	rootObject = D89356531D48C70D00524184 /* Project object */;
}
